
Microsoft Visual Studio Solution File, Format Version 12.00
# Visual Studio Version 17
VisualStudioVersion = 17.2.32630.192
MinimumVisualStudioVersion = 10.0.40219.1
Project("{888888A0-9F3D-457C-B088-3A5042F75D52}") = "movie_data_python", "movie_data_python\movie_data_python.pyproj", "{C220CA3D-E9BC-4218-9514-7EE5FDEFFD73}"
EndProject
Global
	GlobalSection(SolutionConfigurationPlatforms) = preSolution
		Debug|Any CPU = Debug|Any CPU
		Release|Any CPU = Release|Any CPU
	EndGlobalSection
	GlobalSection(ProjectConfigurationPlatforms) = postSolution
		{C220CA3D-E9BC-4218-9514-7EE5FDEFFD73}.Debug|Any CPU.ActiveCfg = Debug|Any CPU
		{C220CA3D-E9BC-4218-9514-7EE5FDEFFD73}.Release|Any CPU.ActiveCfg = Release|Any CPU
	EndGlobalSection
	GlobalSection(SolutionProperties) = preSolution
		HideSolutionNode = FALSE
	EndGlobalSection
	GlobalSection(ExtensibilityGlobals) = postSolution
		SolutionGuid = {1034A1D5-FC54-421A-B357-3AF7919A82A8}
	EndGlobalSection
EndGlobal
